// !$*UTF8*$!
{
	archiveVersion = 1;
	classes = {
	};
	objectVersion = 46;
	objects = {

/* Begin PBXBuildFile section */
		D3035B19188357410039D2E2 /* Foundation.framework in Frameworks */ = {isa = PBXBuildFile; fileRef = D3035B18188357410039D2E2 /* Foundation.framework */; };
		D3035B1B188357410039D2E2 /* CoreGraphics.framework in Frameworks */ = {isa = PBXBuildFile; fileRef = D3035B1A188357410039D2E2 /* CoreGraphics.framework */; };
		D3035B1D188357410039D2E2 /* UIKit.framework in Frameworks */ = {isa = PBXBuildFile; fileRef = D3035B1C188357410039D2E2 /* UIKit.framework */; };
		D3035B23188357410039D2E2 /* InfoPlist.strings in Resources */ = {isa = PBXBuildFile; fileRef = D3035B21188357410039D2E2 /* InfoPlist.strings */; };
		D3035B25188357410039D2E2 /* main.m in Sources */ = {isa = PBXBuildFile; fileRef = D3035B24188357410039D2E2 /* main.m */; };
		D3035B29188357410039D2E2 /* PFTAppDelegate.m in Sources */ = {isa = PBXBuildFile; fileRef = D3035B28188357410039D2E2 /* PFTAppDelegate.m */; };
		D3035B2C188357410039D2E2 /* Main_iPhone.storyboard in Resources */ = {isa = PBXBuildFile; fileRef = D3035B2A188357410039D2E2 /* Main_iPhone.storyboard */; };
		D3035B2F188357410039D2E2 /* Main_iPad.storyboard in Resources */ = {isa = PBXBuildFile; fileRef = D3035B2D188357410039D2E2 /* Main_iPad.storyboard */; };
		D3035B32188357410039D2E2 /* PFTViewController.m in Sources */ = {isa = PBXBuildFile; fileRef = D3035B31188357410039D2E2 /* PFTViewController.m */; };
		D3035B34188357410039D2E2 /* Images.xcassets in Resources */ = {isa = PBXBuildFile; fileRef = D3035B33188357410039D2E2 /* Images.xcassets */; };
		D3035B3B188357410039D2E2 /* XCTest.framework in Frameworks */ = {isa = PBXBuildFile; fileRef = D3035B3A188357410039D2E2 /* XCTest.framework */; };
		D3035B3C188357410039D2E2 /* Foundation.framework in Frameworks */ = {isa = PBXBuildFile; fileRef = D3035B18188357410039D2E2 /* Foundation.framework */; };
		D3035B3D188357410039D2E2 /* UIKit.framework in Frameworks */ = {isa = PBXBuildFile; fileRef = D3035B1C188357410039D2E2 /* UIKit.framework */; };
		D3035B45188357410039D2E2 /* InfoPlist.strings in Resources */ = {isa = PBXBuildFile; fileRef = D3035B43188357410039D2E2 /* InfoPlist.strings */; };
		D3035B5418835C100039D2E2 /* OCHamcrestIOS.framework in Frameworks */ = {isa = PBXBuildFile; fileRef = D3035B5318835C100039D2E2 /* OCHamcrestIOS.framework */; };
		D3035B5618835D130039D2E2 /* PFTPrimeFactorsTest.m in Sources */ = {isa = PBXBuildFile; fileRef = D3035B5518835D130039D2E2 /* PFTPrimeFactorsTest.m */; };
/* End PBXBuildFile section */

/* Begin PBXContainerItemProxy section */
		D3035B3E188357410039D2E2 /* PBXContainerItemProxy */ = {
			isa = PBXContainerItemProxy;
			containerPortal = D3035B0D188357410039D2E2 /* Project object */;
			proxyType = 1;
			remoteGlobalIDString = D3035B14188357410039D2E2;
			remoteInfo = PrimeFactors;
		};
/* End PBXContainerItemProxy section */

/* Begin PBXFileReference section */
		D3035B15188357410039D2E2 /* PrimeFactors.app */ = {isa = PBXFileReference; explicitFileType = wrapper.application; includeInIndex = 0; path = PrimeFactors.app; sourceTree = BUILT_PRODUCTS_DIR; };
		D3035B18188357410039D2E2 /* Foundation.framework */ = {isa = PBXFileReference; lastKnownFileType = wrapper.framework; name = Foundation.framework; path = System/Library/Frameworks/Foundation.framework; sourceTree = SDKROOT; };
		D3035B1A188357410039D2E2 /* CoreGraphics.framework */ = {isa = PBXFileReference; lastKnownFileType = wrapper.framework; name = CoreGraphics.framework; path = System/Library/Frameworks/CoreGraphics.framework; sourceTree = SDKROOT; };
		D3035B1C188357410039D2E2 /* UIKit.framework */ = {isa = PBXFileReference; lastKnownFileType = wrapper.framework; name = UIKit.framework; path = System/Library/Frameworks/UIKit.framework; sourceTree = SDKROOT; };
		D3035B20188357410039D2E2 /* PrimeFactors-Info.plist */ = {isa = PBXFileReference; lastKnownFileType = text.plist.xml; path = "PrimeFactors-Info.plist"; sourceTree = "<group>"; };
		D3035B22188357410039D2E2 /* en */ = {isa = PBXFileReference; lastKnownFileType = text.plist.strings; name = en; path = en.lproj/InfoPlist.strings; sourceTree = "<group>"; };
		D3035B24188357410039D2E2 /* main.m */ = {isa = PBXFileReference; lastKnownFileType = sourcecode.c.objc; path = main.m; sourceTree = "<group>"; };
		D3035B26188357410039D2E2 /* PrimeFactors-Prefix.pch */ = {isa = PBXFileReference; lastKnownFileType = sourcecode.c.h; path = "PrimeFactors-Prefix.pch"; sourceTree = "<group>"; };
		D3035B27188357410039D2E2 /* PFTAppDelegate.h */ = {isa = PBXFileReference; lastKnownFileType = sourcecode.c.h; path = PFTAppDelegate.h; sourceTree = "<group>"; };
		D3035B28188357410039D2E2 /* PFTAppDelegate.m */ = {isa = PBXFileReference; lastKnownFileType = sourcecode.c.objc; path = PFTAppDelegate.m; sourceTree = "<group>"; };
		D3035B2B188357410039D2E2 /* Base */ = {isa = PBXFileReference; lastKnownFileType = file.storyboard; name = Base; path = Base.lproj/Main_iPhone.storyboard; sourceTree = "<group>"; };
		D3035B2E188357410039D2E2 /* Base */ = {isa = PBXFileReference; lastKnownFileType = file.storyboard; name = Base; path = Base.lproj/Main_iPad.storyboard; sourceTree = "<group>"; };
		D3035B30188357410039D2E2 /* PFTViewController.h */ = {isa = PBXFileReference; lastKnownFileType = sourcecode.c.h; path = PFTViewController.h; sourceTree = "<group>"; };
		D3035B31188357410039D2E2 /* PFTViewController.m */ = {isa = PBXFileReference; lastKnownFileType = sourcecode.c.objc; path = PFTViewController.m; sourceTree = "<group>"; };
		D3035B33188357410039D2E2 /* Images.xcassets */ = {isa = PBXFileReference; lastKnownFileType = folder.assetcatalog; path = Images.xcassets; sourceTree = "<group>"; };
		D3035B39188357410039D2E2 /* PrimeFactorsTests.xctest */ = {isa = PBXFileReference; explicitFileType = wrapper.cfbundle; includeInIndex = 0; path = PrimeFactorsTests.xctest; sourceTree = BUILT_PRODUCTS_DIR; };
		D3035B3A188357410039D2E2 /* XCTest.framework */ = {isa = PBXFileReference; lastKnownFileType = wrapper.framework; name = XCTest.framework; path = Library/Frameworks/XCTest.framework; sourceTree = DEVELOPER_DIR; };
		D3035B42188357410039D2E2 /* PrimeFactorsTests-Info.plist */ = {isa = PBXFileReference; lastKnownFileType = text.plist.xml; path = "PrimeFactorsTests-Info.plist"; sourceTree = "<group>"; };
		D3035B44188357410039D2E2 /* en */ = {isa = PBXFileReference; lastKnownFileType = text.plist.strings; name = en; path = en.lproj/InfoPlist.strings; sourceTree = "<group>"; };
		D3035B5318835C100039D2E2 /* OCHamcrestIOS.framework */ = {isa = PBXFileReference; lastKnownFileType = wrapper.framework; name = OCHamcrestIOS.framework; path = "../../../../Downloads/OCHamcrest-3.0.1/OCHamcrestIOS.framework"; sourceTree = "<group>"; };
		D3035B5518835D130039D2E2 /* PFTPrimeFactorsTest.m */ = {isa = PBXFileReference; fileEncoding = 4; lastKnownFileType = sourcecode.c.objc; path = PFTPrimeFactorsTest.m; sourceTree = "<group>"; };
/* End PBXFileReference section */

/* Begin PBXFrameworksBuildPhase section */
		D3035B12188357410039D2E2 /* Frameworks */ = {
			isa = PBXFrameworksBuildPhase;
			buildActionMask = 2147483647;
			files = (
				D3035B1B188357410039D2E2 /* CoreGraphics.framework in Frameworks */,
				D3035B1D188357410039D2E2 /* UIKit.framework in Frameworks */,
				D3035B19188357410039D2E2 /* Foundation.framework in Frameworks */,
			);
			runOnlyForDeploymentPostprocessing = 0;
		};
		D3035B36188357410039D2E2 /* Frameworks */ = {
			isa = PBXFrameworksBuildPhase;
			buildActionMask = 2147483647;
			files = (
				D3035B3B188357410039D2E2 /* XCTest.framework in Frameworks */,
				D3035B3D188357410039D2E2 /* UIKit.framework in Frameworks */,
				D3035B3C188357410039D2E2 /* Foundation.framework in Frameworks */,
				D3035B5418835C100039D2E2 /* OCHamcrestIOS.framework in Frameworks */,
			);
			runOnlyForDeploymentPostprocessing = 0;
		};
/* End PBXFrameworksBuildPhase section */

/* Begin PBXGroup section */
		D3035B0C188357410039D2E2 = {
			isa = PBXGroup;
			children = (
				D3035B1E188357410039D2E2 /* PrimeFactors */,
				D3035B40188357410039D2E2 /* PrimeFactorsTests */,
				D3035B17188357410039D2E2 /* Frameworks */,
				D3035B16188357410039D2E2 /* Products */,
			);
			sourceTree = "<group>";
		};
		D3035B16188357410039D2E2 /* Products */ = {
			isa = PBXGroup;
			children = (
				D3035B15188357410039D2E2 /* PrimeFactors.app */,
				D3035B39188357410039D2E2 /* PrimeFactorsTests.xctest */,
			);
			name = Products;
			sourceTree = "<group>";
		};
		D3035B17188357410039D2E2 /* Frameworks */ = {
			isa = PBXGroup;
			children = (
				D3035B5318835C100039D2E2 /* OCHamcrestIOS.framework */,
				D3035B18188357410039D2E2 /* Foundation.framework */,
				D3035B1A188357410039D2E2 /* CoreGraphics.framework */,
				D3035B1C188357410039D2E2 /* UIKit.framework */,
				D3035B3A188357410039D2E2 /* XCTest.framework */,
			);
			name = Frameworks;
			sourceTree = "<group>";
		};
		D3035B1E188357410039D2E2 /* PrimeFactors */ = {
			isa = PBXGroup;
			children = (
				D3035B501883577B0039D2E2 /* iPad */,
				D3035B27188357410039D2E2 /* PFTAppDelegate.h */,
				D3035B28188357410039D2E2 /* PFTAppDelegate.m */,
				D3035B2A188357410039D2E2 /* Main_iPhone.storyboard */,
				D3035B2D188357410039D2E2 /* Main_iPad.storyboard */,
				D3035B30188357410039D2E2 /* PFTViewController.h */,
				D3035B31188357410039D2E2 /* PFTViewController.m */,
				D3035B33188357410039D2E2 /* Images.xcassets */,
				D3035B1F188357410039D2E2 /* Supporting Files */,
			);
			path = PrimeFactors;
			sourceTree = "<group>";
		};
		D3035B1F188357410039D2E2 /* Supporting Files */ = {
			isa = PBXGroup;
			children = (
				D3035B20188357410039D2E2 /* PrimeFactors-Info.plist */,
				D3035B21188357410039D2E2 /* InfoPlist.strings */,
				D3035B24188357410039D2E2 /* main.m */,
				D3035B26188357410039D2E2 /* PrimeFactors-Prefix.pch */,
			);
			name = "Supporting Files";
			sourceTree = "<group>";
		};
		D3035B40188357410039D2E2 /* PrimeFactorsTests */ = {
			isa = PBXGroup;
			children = (
				D3035B5518835D130039D2E2 /* PFTPrimeFactorsTest.m */,
				D3035B41188357410039D2E2 /* Supporting Files */,
			);
			path = PrimeFactorsTests;
			sourceTree = "<group>";
		};
		D3035B41188357410039D2E2 /* Supporting Files */ = {
			isa = PBXGroup;
			children = (
				D3035B42188357410039D2E2 /* PrimeFactorsTests-Info.plist */,
				D3035B43188357410039D2E2 /* InfoPlist.strings */,
			);
			name = "Supporting Files";
			sourceTree = "<group>";
		};
		D3035B501883577B0039D2E2 /* iPad */ = {
			isa = PBXGroup;
			children = (
			);
			name = iPad;
			sourceTree = "<group>";
		};
/* End PBXGroup section */

/* Begin PBXNativeTarget section */
		D3035B14188357410039D2E2 /* PrimeFactors */ = {
			isa = PBXNativeTarget;
			buildConfigurationList = D3035B4A188357410039D2E2 /* Build configuration list for PBXNativeTarget "PrimeFactors" */;
			buildPhases = (
				D3035B11188357410039D2E2 /* Sources */,
				D3035B12188357410039D2E2 /* Frameworks */,
				D3035B13188357410039D2E2 /* Resources */,
			);
			buildRules = (
			);
			dependencies = (
			);
			name = PrimeFactors;
			productName = PrimeFactors;
			productReference = D3035B15188357410039D2E2 /* PrimeFactors.app */;
			productType = "com.apple.product-type.application";
		};
		D3035B38188357410039D2E2 /* PrimeFactorsTests */ = {
			isa = PBXNativeTarget;
			buildConfigurationList = D3035B4D188357410039D2E2 /* Build configuration list for PBXNativeTarget "PrimeFactorsTests" */;
			buildPhases = (
				D3035B35188357410039D2E2 /* Sources */,
				D3035B36188357410039D2E2 /* Frameworks */,
				D3035B37188357410039D2E2 /* Resources */,
			);
			buildRules = (
			);
			dependencies = (
				D3035B3F188357410039D2E2 /* PBXTargetDependency */,
			);
			name = PrimeFactorsTests;
			productName = PrimeFactorsTests;
			productReference = D3035B39188357410039D2E2 /* PrimeFactorsTests.xctest */;
			productType = "com.apple.product-type.bundle.unit-test";
		};
/* End PBXNativeTarget section */

/* Begin PBXProject section */
		D3035B0D188357410039D2E2 /* Project object */ = {
			isa = PBXProject;
			attributes = {
				CLASSPREFIX = PFT;
				LastUpgradeCheck = 0500;
				ORGANIZATIONNAME = "Y. Adam Martin";
				TargetAttributes = {
					D3035B38188357410039D2E2 = {
						TestTargetID = D3035B14188357410039D2E2;
					};
				};
			};
			buildConfigurationList = D3035B10188357410039D2E2 /* Build configuration list for PBXProject "PrimeFactors" */;
			compatibilityVersion = "Xcode 3.2";
			developmentRegion = English;
			hasScannedForEncodings = 0;
			knownRegions = (
				en,
				Base,
			);
			mainGroup = D3035B0C188357410039D2E2;
			productRefGroup = D3035B16188357410039D2E2 /* Products */;
			projectDirPath = "";
			projectRoot = "";
			targets = (
				D3035B14188357410039D2E2 /* PrimeFactors */,
				D3035B38188357410039D2E2 /* PrimeFactorsTests */,
			);
		};
/* End PBXProject section */

/* Begin PBXResourcesBuildPhase section */
		D3035B13188357410039D2E2 /* Resources */ = {
			isa = PBXResourcesBuildPhase;
			buildActionMask = 2147483647;
			files = (
				D3035B2F188357410039D2E2 /* Main_iPad.storyboard in Resources */,
				D3035B34188357410039D2E2 /* Images.xcassets in Resources */,
				D3035B2C188357410039D2E2 /* Main_iPhone.storyboard in Resources */,
				D3035B23188357410039D2E2 /* InfoPlist.strings in Resources */,
			);
			runOnlyForDeploymentPostprocessing = 0;
		};
		D3035B37188357410039D2E2 /* Resources */ = {
			isa = PBXResourcesBuildPhase;
			buildActionMask = 2147483647;
			files = (
				D3035B45188357410039D2E2 /* InfoPlist.strings in Resources */,
			);
			runOnlyForDeploymentPostprocessing = 0;
		};
/* End PBXResourcesBuildPhase section */

/* Begin PBXSourcesBuildPhase section */
		D3035B11188357410039D2E2 /* Sources */ = {
			isa = PBXSourcesBuildPhase;
			buildActionMask = 2147483647;
			files = (
				D3035B32188357410039D2E2 /* PFTViewController.m in Sources */,
				D3035B25188357410039D2E2 /* main.m in Sources */,
				D3035B29188357410039D2E2 /* PFTAppDelegate.m in Sources */,
			);
			runOnlyForDeploymentPostprocessing = 0;
		};
		D3035B35188357410039D2E2 /* Sources */ = {
			isa = PBXSourcesBuildPhase;
			buildActionMask = 2147483647;
			files = (
				D3035B5618835D130039D2E2 /* PFTPrimeFactorsTest.m in Sources */,
			);
			runOnlyForDeploymentPostprocessing = 0;
		};
/* End PBXSourcesBuildPhase section */

/* Begin PBXTargetDependency section */
		D3035B3F188357410039D2E2 /* PBXTargetDependency */ = {
			isa = PBXTargetDependency;
			target = D3035B14188357410039D2E2 /* PrimeFactors */;
			targetProxy = D3035B3E188357410039D2E2 /* PBXContainerItemProxy */;
		};
/* End PBXTargetDependency section */

/* Begin PBXVariantGroup section */
		D3035B21188357410039D2E2 /* InfoPlist.strings */ = {
			isa = PBXVariantGroup;
			children = (
				D3035B22188357410039D2E2 /* en */,
			);
			name = InfoPlist.strings;
			sourceTree = "<group>";
		};
		D3035B2A188357410039D2E2 /* Main_iPhone.storyboard */ = {
			isa = PBXVariantGroup;
			children = (
				D3035B2B188357410039D2E2 /* Base */,
			);
			name = Main_iPhone.storyboard;
			sourceTree = "<group>";
		};
		D3035B2D188357410039D2E2 /* Main_iPad.storyboard */ = {
			isa = PBXVariantGroup;
			children = (
				D3035B2E188357410039D2E2 /* Base */,
			);
			name = Main_iPad.storyboard;
			sourceTree = "<group>";
		};
		D3035B43188357410039D2E2 /* InfoPlist.strings */ = {
			isa = PBXVariantGroup;
			children = (
				D3035B44188357410039D2E2 /* en */,
			);
			name = InfoPlist.strings;
			sourceTree = "<group>";
		};
/* End PBXVariantGroup section */

/* Begin XCBuildConfiguration section */
		D3035B48188357410039D2E2 /* Debug */ = {
			isa = XCBuildConfiguration;
			buildSettings = {
				ALWAYS_SEARCH_USER_PATHS = NO;
				ARCHS = "$(ARCHS_STANDARD_INCLUDING_64_BIT)";
				CLANG_CXX_LANGUAGE_STANDARD = "gnu++0x";
				CLANG_CXX_LIBRARY = "libc++";
				CLANG_ENABLE_MODULES = YES;
				CLANG_ENABLE_OBJC_ARC = YES;
				CLANG_WARN_BOOL_CONVERSION = YES;
				CLANG_WARN_CONSTANT_CONVERSION = YES;
				CLANG_WARN_DIRECT_OBJC_ISA_USAGE = YES_ERROR;
				CLANG_WARN_EMPTY_BODY = YES;
				CLANG_WARN_ENUM_CONVERSION = YES;
				CLANG_WARN_INT_CONVERSION = YES;
				CLANG_WARN_OBJC_ROOT_CLASS = YES_ERROR;
				CLANG_WARN__DUPLICATE_METHOD_MATCH = YES;
				"CODE_SIGN_IDENTITY[sdk=iphoneos*]" = "iPhone Developer";
				COPY_PHASE_STRIP = NO;
				GCC_C_LANGUAGE_STANDARD = gnu99;
				GCC_DYNAMIC_NO_PIC = NO;
				GCC_OPTIMIZATION_LEVEL = 0;
				GCC_PREPROCESSOR_DEFINITIONS = (
					"DEBUG=1",
					"$(inherited)",
				);
				GCC_SYMBOLS_PRIVATE_EXTERN = NO;
				GCC_WARN_64_TO_32_BIT_CONVERSION = YES;
				GCC_WARN_ABOUT_RETURN_TYPE = YES_ERROR;
				GCC_WARN_UNDECLARED_SELECTOR = YES;
				GCC_WARN_UNINITIALIZED_AUTOS = YES;
				GCC_WARN_UNUSED_FUNCTION = YES;
				GCC_WARN_UNUSED_VARIABLE = YES;
				IPHONEOS_DEPLOYMENT_TARGET = 7.0;
				ONLY_ACTIVE_ARCH = YES;
				SDKROOT = iphoneos;
				TARGETED_DEVICE_FAMILY = "1,2";
			};
			name = Debug;
		};
		D3035B49188357410039D2E2 /* Release */ = {
			isa = XCBuildConfiguration;
			buildSettings = {
				ALWAYS_SEARCH_USER_PATHS = NO;
				ARCHS = "$(ARCHS_STANDARD_INCLUDING_64_BIT)";
				CLANG_CXX_LANGUAGE_STANDARD = "gnu++0x";
				CLANG_CXX_LIBRARY = "libc++";
				CLANG_ENABLE_MODULES = YES;
				CLANG_ENABLE_OBJC_ARC = YES;
				CLANG_WARN_BOOL_CONVERSION = YES;
				CLANG_WARN_CONSTANT_CONVERSION = YES;
				CLANG_WARN_DIRECT_OBJC_ISA_USAGE = YES_ERROR;
				CLANG_WARN_EMPTY_BODY = YES;
				CLANG_WARN_ENUM_CONVERSION = YES;
				CLANG_WARN_INT_CONVERSION = YES;
				CLANG_WARN_OBJC_ROOT_CLASS = YES_ERROR;
				CLANG_WARN__DUPLICATE_METHOD_MATCH = YES;
				"CODE_SIGN_IDENTITY[sdk=iphoneos*]" = "iPhone Developer";
				COPY_PHASE_STRIP = YES;
				ENABLE_NS_ASSERTIONS = NO;
				GCC_C_LANGUAGE_STANDARD = gnu99;
				GCC_WARN_64_TO_32_BIT_CONVERSION = YES;
				GCC_WARN_ABOUT_RETURN_TYPE = YES_ERROR;
				GCC_WARN_UNDECLARED_SELECTOR = YES;
				GCC_WARN_UNINITIALIZED_AUTOS = YES;
				GCC_WARN_UNUSED_FUNCTION = YES;
				GCC_WARN_UNUSED_VARIABLE = YES;
				IPHONEOS_DEPLOYMENT_TARGET = 7.0;
				SDKROOT = iphoneos;
				TARGETED_DEVICE_FAMILY = "1,2";
				VALIDATE_PRODUCT = YES;
			};
			name = Release;
		};
		D3035B4B188357410039D2E2 /* Debug */ = {
			isa = XCBuildConfiguration;
			buildSettings = {
				ASSETCATALOG_COMPILER_APPICON_NAME = AppIcon;
				ASSETCATALOG_COMPILER_LAUNCHIMAGE_NAME = LaunchImage;
				GCC_PRECOMPILE_PREFIX_HEADER = YES;
				GCC_PREFIX_HEADER = "PrimeFactors/PrimeFactors-Prefix.pch";
				INFOPLIST_FILE = "PrimeFactors/PrimeFactors-Info.plist";
				IPHONEOS_DEPLOYMENT_TARGET = 7.0;
				PRODUCT_NAME = "$(TARGET_NAME)";
				TARGETED_DEVICE_FAMILY = "1,2";
				WRAPPER_EXTENSION = app;
			};
			name = Debug;
		};
		D3035B4C188357410039D2E2 /* Release */ = {
			isa = XCBuildConfiguration;
			buildSettings = {
				ASSETCATALOG_COMPILER_APPICON_NAME = AppIcon;
				ASSETCATALOG_COMPILER_LAUNCHIMAGE_NAME = LaunchImage;
				GCC_PRECOMPILE_PREFIX_HEADER = YES;
				GCC_PREFIX_HEADER = "PrimeFactors/PrimeFactors-Prefix.pch";
				INFOPLIST_FILE = "PrimeFactors/PrimeFactors-Info.plist";
				IPHONEOS_DEPLOYMENT_TARGET = 7.0;
				PRODUCT_NAME = "$(TARGET_NAME)";
				TARGETED_DEVICE_FAMILY = "1,2";
				WRAPPER_EXTENSION = app;
			};
			name = Release;
		};
		D3035B4E188357410039D2E2 /* Debug */ = {
			isa = XCBuildConfiguration;
			buildSettings = {
				ARCHS = "$(ARCHS_STANDARD_INCLUDING_64_BIT)";
				BUNDLE_LOADER = "$(BUILT_PRODUCTS_DIR)/PrimeFactors.app/PrimeFactors";
				FRAMEWORK_SEARCH_PATHS = (
					"$(SDKROOT)/Developer/Library/Frameworks",
					"$(inherited)",
					"$(DEVELOPER_FRAMEWORKS_DIR)",
					"/Users/adammartin/Downloads/OCHamcrest-3.0.1",
				);
				GCC_PRECOMPILE_PREFIX_HEADER = YES;
				GCC_PREFIX_HEADER = "PrimeFactors/PrimeFactors-Prefix.pch";
				GCC_PREPROCESSOR_DEFINITIONS = (
					"DEBUG=1",
					"$(inherited)",
				);
				INFOPLIST_FILE = "PrimeFactorsTests/PrimeFactorsTests-Info.plist";
				PRODUCT_NAME = "$(TARGET_NAME)";
				TEST_HOST = "$(BUNDLE_LOADER)";
				WRAPPER_EXTENSION = xctest;
			};
			name = Debug;
		};
		D3035B4F188357410039D2E2 /* Release */ = {
			isa = XCBuildConfiguration;
			buildSettings = {
				ARCHS = "$(ARCHS_STANDARD_INCLUDING_64_BIT)";
				BUNDLE_LOADER = "$(BUILT_PRODUCTS_DIR)/PrimeFactors.app/PrimeFactors";
				FRAMEWORK_SEARCH_PATHS = (
					"$(SDKROOT)/Developer/Library/Frameworks",
					"$(inherited)",
					"$(DEVELOPER_FRAMEWORKS_DIR)",
					"/Users/adammartin/Downloads/OCHamcrest-3.0.1",
				);
				GCC_PRECOMPILE_PREFIX_HEADER = YES;
				GCC_PREFIX_HEADER = "PrimeFactors/PrimeFactors-Prefix.pch";
				INFOPLIST_FILE = "PrimeFactorsTests/PrimeFactorsTests-Info.plist";
				PRODUCT_NAME = "$(TARGET_NAME)";
				TEST_HOST = "$(BUNDLE_LOADER)";
				WRAPPER_EXTENSION = xctest;
			};
			name = Release;
		};
/* End XCBuildConfiguration section */

/* Begin XCConfigurationList section */
		D3035B10188357410039D2E2 /* Build configuration list for PBXProject "PrimeFactors" */ = {
			isa = XCConfigurationList;
			buildConfigurations = (
				D3035B48188357410039D2E2 /* Debug */,
				D3035B49188357410039D2E2 /* Release */,
			);
			defaultConfigurationIsVisible = 0;
			defaultConfigurationName = Release;
		};
		D3035B4A188357410039D2E2 /* Build configuration list for PBXNativeTarget "PrimeFactors" */ = {
			isa = XCConfigurationList;
			buildConfigurations = (
				D3035B4B188357410039D2E2 /* Debug */,
				D3035B4C188357410039D2E2 /* Release */,
			);
			defaultConfigurationIsVisible = 0;
		};
		D3035B4D188357410039D2E2 /* Build configuration list for PBXNativeTarget "PrimeFactorsTests" */ = {
			isa = XCConfigurationList;
			buildConfigurations = (
				D3035B4E188357410039D2E2 /* Debug */,
				D3035B4F188357410039D2E2 /* Release */,
			);
			defaultConfigurationIsVisible = 0;
		};
/* End XCConfigurationList section */
	};
	rootObject = D3035B0D188357410039D2E2 /* Project object */;
}
